GEM
  remote: https://rubygems.org/
  specs:
    activemodel (3.2.22)
      activesupport (= 3.2.22)
      builder (~> 3.0.0)
    activerecord (3.2.22)
      activemodel (= 3.2.22)
      activesupport (= 3.2.22)
      arel (~> 3.0.2)
      tzinfo (~> 0.3.29)
    activesupport (3.2.22)
      i18n (~> 0.6, >= 0.6.4)
      multi_json (~> 1.0)
    arel (3.0.3)
    builder (3.0.4)
    concurrent-ruby (1.0.5)
    i18n (0.9.1)
      concurrent-ruby (~> 1.0)
    multi_json (1.12.2)
    rake (10.0.4)
    tzinfo (0.3.53)

PLATFORMS
  ruby

DEPENDENCIES
  activerecord (= 3.2.22)
  rake (= 10.0.4)

RUBY VERSION
   ruby 2.3.1p112

BUNDLED WITH
   1.14.6
